// !$*UTF8*$!
{
	archiveVersion = 1;
	classes = {
	};
	objectVersion = 50;
	objects = {

/* Begin PBXBuildFile section */
		E921214622248C9400D6131F /* AppDelegate.swift in Sources */ = {isa = PBXBuildFile; fileRef = E921214522248C9400D6131F /* AppDelegate.swift */; };
		E921214B22248C9400D6131F /* Main.storyboard in Resources */ = {isa = PBXBuildFile; fileRef = E921214922248C9400D6131F /* Main.storyboard */; };
		E921214D22248C9700D6131F /* Assets.xcassets in Resources */ = {isa = PBXBuildFile; fileRef = E921214C22248C9700D6131F /* Assets.xcassets */; };
		E921215022248C9700D6131F /* LaunchScreen.storyboard in Resources */ = {isa = PBXBuildFile; fileRef = E921214E22248C9700D6131F /* LaunchScreen.storyboard */; };
		E921215822248D6F00D6131F /* Entry.swift in Sources */ = {isa = PBXBuildFile; fileRef = E921215722248D6F00D6131F /* Entry.swift */; };
		E921215A2224959D00D6131F /* EntryController.swift in Sources */ = {isa = PBXBuildFile; fileRef = E92121592224959D00D6131F /* EntryController.swift */; };
		E921215C22249E7D00D6131F /* EntryListTableViewController.swift in Sources */ = {isa = PBXBuildFile; fileRef = E921215B22249E7D00D6131F /* EntryListTableViewController.swift */; };
		E921215E2224A2E300D6131F /* EntryDetailViewController.swift in Sources */ = {isa = PBXBuildFile; fileRef = E921215D2224A2E300D6131F /* EntryDetailViewController.swift */; };
		E92121622224A63D00D6131F /* CloudKit.framework in Frameworks */ = {isa = PBXBuildFile; fileRef = E92121612224A63D00D6131F /* CloudKit.framework */; };
/* End PBXBuildFile section */

/* Begin PBXFileReference section */
		E921214222248C9400D6131F /* JournalCloudKit.app */ = {isa = PBXFileReference; explicitFileType = wrapper.application; includeInIndex = 0; path = JournalCloudKit.app; sourceTree = BUILT_PRODUCTS_DIR; };
		E921214522248C9400D6131F /* AppDelegate.swift */ = {isa = PBXFileReference; lastKnownFileType = sourcecode.swift; path = AppDelegate.swift; sourceTree = "<group>"; };
		E921214A22248C9400D6131F /* Base */ = {isa = PBXFileReference; lastKnownFileType = file.storyboard; name = Base; path = Base.lproj/Main.storyboard; sourceTree = "<group>"; };
		E921214C22248C9700D6131F /* Assets.xcassets */ = {isa = PBXFileReference; lastKnownFileType = folder.assetcatalog; path = Assets.xcassets; sourceTree = "<group>"; };
		E921214F22248C9700D6131F /* Base */ = {isa = PBXFileReference; lastKnownFileType = file.storyboard; name = Base; path = Base.lproj/LaunchScreen.storyboard; sourceTree = "<group>"; };
		E921215122248C9700D6131F /* Info.plist */ = {isa = PBXFileReference; lastKnownFileType = text.plist.xml; path = Info.plist; sourceTree = "<group>"; };
		E921215722248D6F00D6131F /* Entry.swift */ = {isa = PBXFileReference; lastKnownFileType = sourcecode.swift; path = Entry.swift; sourceTree = "<group>"; };
		E92121592224959D00D6131F /* EntryController.swift */ = {isa = PBXFileReference; lastKnownFileType = sourcecode.swift; path = EntryController.swift; sourceTree = "<group>"; };
		E921215B22249E7D00D6131F /* EntryListTableViewController.swift */ = {isa = PBXFileReference; lastKnownFileType = sourcecode.swift; path = EntryListTableViewController.swift; sourceTree = "<group>"; };
		E921215D2224A2E300D6131F /* EntryDetailViewController.swift */ = {isa = PBXFileReference; lastKnownFileType = sourcecode.swift; path = EntryDetailViewController.swift; sourceTree = "<group>"; };
		E921215F2224A63A00D6131F /* JournalCloudKit.entitlements */ = {isa = PBXFileReference; lastKnownFileType = text.plist.entitlements; path = JournalCloudKit.entitlements; sourceTree = "<group>"; };
		E92121612224A63D00D6131F /* CloudKit.framework */ = {isa = PBXFileReference; lastKnownFileType = wrapper.framework; name = CloudKit.framework; path = System/Library/Frameworks/CloudKit.framework; sourceTree = SDKROOT; };
/* End PBXFileReference section */

/* Begin PBXFrameworksBuildPhase section */
		E921213F22248C9400D6131F /* Frameworks */ = {
			isa = PBXFrameworksBuildPhase;
			buildActionMask = 2147483647;
			files = (
				E92121622224A63D00D6131F /* CloudKit.framework in Frameworks */,
			);
			runOnlyForDeploymentPostprocessing = 0;
		};
/* End PBXFrameworksBuildPhase section */

/* Begin PBXGroup section */
		E921213922248C9400D6131F = {
			isa = PBXGroup;
			children = (
				E921214422248C9400D6131F /* JournalCloudKit */,
				E921214322248C9400D6131F /* Products */,
				E92121602224A63D00D6131F /* Frameworks */,
			);
			sourceTree = "<group>";
		};
		E921214322248C9400D6131F /* Products */ = {
			isa = PBXGroup;
			children = (
				E921214222248C9400D6131F /* JournalCloudKit.app */,
			);
			name = Products;
			sourceTree = "<group>";
		};
		E921214422248C9400D6131F /* JournalCloudKit */ = {
			isa = PBXGroup;
			children = (
				E921215F2224A63A00D6131F /* JournalCloudKit.entitlements */,
				E921214522248C9400D6131F /* AppDelegate.swift */,
				E921214922248C9400D6131F /* Main.storyboard */,
				E921215B22249E7D00D6131F /* EntryListTableViewController.swift */,
				E921215D2224A2E300D6131F /* EntryDetailViewController.swift */,
				E921215722248D6F00D6131F /* Entry.swift */,
				E92121592224959D00D6131F /* EntryController.swift */,
				E921214C22248C9700D6131F /* Assets.xcassets */,
				E921214E22248C9700D6131F /* LaunchScreen.storyboard */,
				E921215122248C9700D6131F /* Info.plist */,
			);
			path = JournalCloudKit;
			sourceTree = "<group>";
		};
		E92121602224A63D00D6131F /* Frameworks */ = {
			isa = PBXGroup;
			children = (
				E92121612224A63D00D6131F /* CloudKit.framework */,
			);
			name = Frameworks;
			sourceTree = "<group>";
		};
/* End PBXGroup section */

/* Begin PBXNativeTarget section */
		E921214122248C9400D6131F /* JournalCloudKit */ = {
			isa = PBXNativeTarget;
			buildConfigurationList = E921215422248C9700D6131F /* Build configuration list for PBXNativeTarget "JournalCloudKit" */;
			buildPhases = (
				E921213E22248C9400D6131F /* Sources */,
				E921213F22248C9400D6131F /* Frameworks */,
				E921214022248C9400D6131F /* Resources */,
			);
			buildRules = (
			);
			dependencies = (
			);
			name = JournalCloudKit;
			productName = JournalCloudKit;
			productReference = E921214222248C9400D6131F /* JournalCloudKit.app */;
			productType = "com.apple.product-type.application";
		};
/* End PBXNativeTarget section */

/* Begin PBXProject section */
		E921213A22248C9400D6131F /* Project object */ = {
			isa = PBXProject;
			attributes = {
				LastSwiftUpdateCheck = 1010;
				LastUpgradeCheck = 1010;
				ORGANIZATIONNAME = "Jack Knight";
				TargetAttributes = {
					E921214122248C9400D6131F = {
						CreatedOnToolsVersion = 10.1;
						SystemCapabilities = {
							com.apple.Push = {
								enabled = 1;
							};
							com.apple.iCloud = {
								enabled = 1;
							};
						};
					};
				};
			};
			buildConfigurationList = E921213D22248C9400D6131F /* Build configuration list for PBXProject "JournalCloudKit" */;
			compatibilityVersion = "Xcode 9.3";
			developmentRegion = en;
			hasScannedForEncodings = 0;
			knownRegions = (
				en,
				Base,
			);
			mainGroup = E921213922248C9400D6131F;
			productRefGroup = E921214322248C9400D6131F /* Products */;
			projectDirPath = "";
			projectRoot = "";
			targets = (
				E921214122248C9400D6131F /* JournalCloudKit */,
			);
		};
/* End PBXProject section */

/* Begin PBXResourcesBuildPhase section */
		E921214022248C9400D6131F /* Resources */ = {
			isa = PBXResourcesBuildPhase;
			buildActionMask = 2147483647;
			files = (
				E921215022248C9700D6131F /* LaunchScreen.storyboard in Resources */,
				E921214D22248C9700D6131F /* Assets.xcassets in Resources */,
				E921214B22248C9400D6131F /* Main.storyboard in Resources */,
			);
			runOnlyForDeploymentPostprocessing = 0;
		};
/* End PBXResourcesBuildPhase section */

/* Begin PBXSourcesBuildPhase section */
		E921213E22248C9400D6131F /* Sources */ = {
			isa = PBXSourcesBuildPhase;
			buildActionMask = 2147483647;
			files = (
				E921215A2224959D00D6131F /* EntryController.swift in Sources */,
				E921215822248D6F00D6131F /* Entry.swift in Sources */,
				E921215C22249E7D00D6131F /* EntryListTableViewController.swift in Sources */,
				E921215E2224A2E300D6131F /* EntryDetailViewController.swift in Sources */,
				E921214622248C9400D6131F /* AppDelegate.swift in Sources */,
			);
			runOnlyForDeploymentPostprocessing = 0;
		};
/* End PBXSourcesBuildPhase section */

/* Begin PBXVariantGroup section */
		E921214922248C9400D6131F /* Main.storyboard */ = {
			isa = PBXVariantGroup;
			children = (
				E921214A22248C9400D6131F /* Base */,
			);
			name = Main.storyboard;
			sourceTree = "<group>";
		};
		E921214E22248C9700D6131F /* LaunchScreen.storyboard */ = {
			isa = PBXVariantGroup;
			children = (
				E921214F22248C9700D6131F /* Base */,
			);
			name = LaunchScreen.storyboard;
			sourceTree = "<group>";
		};
/* End PBXVariantGroup section */

/* Begin XCBuildConfiguration section */
		E921215222248C9700D6131F /* Debug */ = {
			isa = XCBuildConfiguration;
			buildSettings = {
				ALWAYS_SEARCH_USER_PATHS = NO;
				CLANG_ANALYZER_NONNULL = YES;
				CLANG_ANALYZER_NUMBER_OBJECT_CONVERSION = YES_AGGRESSIVE;
				CLANG_CXX_LANGUAGE_STANDARD = "gnu++14";
				CLANG_CXX_LIBRARY = "libc++";
				CLANG_ENABLE_MODULES = YES;
				CLANG_ENABLE_OBJC_ARC = YES;
				CLANG_ENABLE_OBJC_WEAK = YES;
				CLANG_WARN_BLOCK_CAPTURE_AUTORELEASING = YES;
				CLANG_WARN_BOOL_CONVERSION = YES;
				CLANG_WARN_COMMA = YES;
				CLANG_WARN_CONSTANT_CONVERSION = YES;
				CLANG_WARN_DEPRECATED_OBJC_IMPLEMENTATIONS = YES;
				CLANG_WARN_DIRECT_OBJC_ISA_USAGE = YES_ERROR;
				CLANG_WARN_DOCUMENTATION_COMMENTS = YES;
				CLANG_WARN_EMPTY_BODY = YES;
				CLANG_WARN_ENUM_CONVERSION = YES;
				CLANG_WARN_INFINITE_RECURSION = YES;
				CLANG_WARN_INT_CONVERSION = YES;
				CLANG_WARN_NON_LITERAL_NULL_CONVERSION = YES;
				CLANG_WARN_OBJC_IMPLICIT_RETAIN_SELF = YES;
				CLANG_WARN_OBJC_LITERAL_CONVERSION = YES;
				CLANG_WARN_OBJC_ROOT_CLASS = YES_ERROR;
				CLANG_WARN_RANGE_LOOP_ANALYSIS = YES;
				CLANG_WARN_STRICT_PROTOTYPES = YES;
				CLANG_WARN_SUSPICIOUS_MOVE = YES;
				CLANG_WARN_UNGUARDED_AVAILABILITY = YES_AGGRESSIVE;
				CLANG_WARN_UNREACHABLE_CODE = YES;
				CLANG_WARN__DUPLICATE_METHOD_MATCH = YES;
				CODE_SIGN_IDENTITY = "iPhone Developer";
				COPY_PHASE_STRIP = NO;
				DEBUG_INFORMATION_FORMAT = dwarf;
				ENABLE_STRICT_OBJC_MSGSEND = YES;
				ENABLE_TESTABILITY = YES;
				GCC_C_LANGUAGE_STANDARD = gnu11;
				GCC_DYNAMIC_NO_PIC = NO;
				GCC_NO_COMMON_BLOCKS = YES;
				GCC_OPTIMIZATION_LEVEL = 0;
				GCC_PREPROCESSOR_DEFINITIONS = (
					"DEBUG=1",
					"$(inherited)",
				);
				GCC_WARN_64_TO_32_BIT_CONVERSION = YES;
				GCC_WARN_ABOUT_RETURN_TYPE = YES_ERROR;
				GCC_WARN_UNDECLARED_SELECTOR = YES;
				GCC_WARN_UNINITIALIZED_AUTOS = YES_AGGRESSIVE;
				GCC_WARN_UNUSED_FUNCTION = YES;
				GCC_WARN_UNUSED_VARIABLE = YES;
				IPHONEOS_DEPLOYMENT_TARGET = 12.1;
				MTL_ENABLE_DEBUG_INFO = INCLUDE_SOURCE;
				MTL_FAST_MATH = YES;
				ONLY_ACTIVE_ARCH = YES;
				SDKROOT = iphoneos;
				SWIFT_ACTIVE_COMPILATION_CONDITIONS = DEBUG;
				SWIFT_OPTIMIZATION_LEVEL = "-Onone";
			};
			name = Debug;
		};
		E921215322248C9700D6131F /* Release */ = {
			isa = XCBuildConfiguration;
			buildSettings = {
				ALWAYS_SEARCH_USER_PATHS = NO;
				CLANG_ANALYZER_NONNULL = YES;
				CLANG_ANALYZER_NUMBER_OBJECT_CONVERSION = YES_AGGRESSIVE;
				CLANG_CXX_LANGUAGE_STANDARD = "gnu++14";
				CLANG_CXX_LIBRARY = "libc++";
				CLANG_ENABLE_MODULES = YES;
				CLANG_ENABLE_OBJC_ARC = YES;
				CLANG_ENABLE_OBJC_WEAK = YES;
				CLANG_WARN_BLOCK_CAPTURE_AUTORELEASING = YES;
				CLANG_WARN_BOOL_CONVERSION = YES;
				CLANG_WARN_COMMA = YES;
				CLANG_WARN_CONSTANT_CONVERSION = YES;
				CLANG_WARN_DEPRECATED_OBJC_IMPLEMENTATIONS = YES;
				CLANG_WARN_DIRECT_OBJC_ISA_USAGE = YES_ERROR;
				CLANG_WARN_DOCUMENTATION_COMMENTS = YES;
				CLANG_WARN_EMPTY_BODY = YES;
				CLANG_WARN_ENUM_CONVERSION = YES;
				CLANG_WARN_INFINITE_RECURSION = YES;
				CLANG_WARN_INT_CONVERSION = YES;
				CLANG_WARN_NON_LITERAL_NULL_CONVERSION = YES;
				CLANG_WARN_OBJC_IMPLICIT_RETAIN_SELF = YES;
				CLANG_WARN_OBJC_LITERAL_CONVERSION = YES;
				CLANG_WARN_OBJC_ROOT_CLASS = YES_ERROR;
				CLANG_WARN_RANGE_LOOP_ANALYSIS = YES;
				CLANG_WARN_STRICT_PROTOTYPES = YES;
				CLANG_WARN_SUSPICIOUS_MOVE = YES;
				CLANG_WARN_UNGUARDED_AVAILABILITY = YES_AGGRESSIVE;
				CLANG_WARN_UNREACHABLE_CODE = YES;
				CLANG_WARN__DUPLICATE_METHOD_MATCH = YES;
				CODE_SIGN_IDENTITY = "iPhone Developer";
				COPY_PHASE_STRIP = NO;
				DEBUG_INFORMATION_FORMAT = "dwarf-with-dsym";
				ENABLE_NS_ASSERTIONS = NO;
				ENABLE_STRICT_OBJC_MSGSEND = YES;
				GCC_C_LANGUAGE_STANDARD = gnu11;
				GCC_NO_COMMON_BLOCKS = YES;
				GCC_WARN_64_TO_32_BIT_CONVERSION = YES;
				GCC_WARN_ABOUT_RETURN_TYPE = YES_ERROR;
				GCC_WARN_UNDECLARED_SELECTOR = YES;
				GCC_WARN_UNINITIALIZED_AUTOS = YES_AGGRESSIVE;
				GCC_WARN_UNUSED_FUNCTION = YES;
				GCC_WARN_UNUSED_VARIABLE = YES;
				IPHONEOS_DEPLOYMENT_TARGET = 12.1;
				MTL_ENABLE_DEBUG_INFO = NO;
				MTL_FAST_MATH = YES;
				SDKROOT = iphoneos;
				SWIFT_COMPILATION_MODE = wholemodule;
				SWIFT_OPTIMIZATION_LEVEL = "-O";
				VALIDATE_PRODUCT = YES;
			};
			name = Release;
		};
		E921215522248C9700D6131F /* Debug */ = {
			isa = XCBuildConfiguration;
			buildSettings = {
				ASSETCATALOG_COMPILER_APPICON_NAME = AppIcon;
				CODE_SIGN_ENTITLEMENTS = JournalCloudKit/JournalCloudKit.entitlements;
				CODE_SIGN_STYLE = Automatic;
				DEVELOPMENT_TEAM = 2446Y3VTK6;
				INFOPLIST_FILE = JournalCloudKit/Info.plist;
				LD_RUNPATH_SEARCH_PATHS = (
					"$(inherited)",
					"@executable_path/Frameworks",
				);
				PRODUCT_BUNDLE_IDENTIFIER = com.jackknight.JournalCloudKit;
				PRODUCT_NAME = "$(TARGET_NAME)";
				SWIFT_VERSION = 4.2;
				TARGETED_DEVICE_FAMILY = "1,2";
			};
			name = Debug;
		};
		E921215622248C9700D6131F /* Release */ = {
			isa = XCBuildConfiguration;
			buildSettings = {
				ASSETCATALOG_COMPILER_APPICON_NAME = AppIcon;
				CODE_SIGN_ENTITLEMENTS = JournalCloudKit/JournalCloudKit.entitlements;
				CODE_SIGN_STYLE = Automatic;
				DEVELOPMENT_TEAM = 2446Y3VTK6;
				INFOPLIST_FILE = JournalCloudKit/Info.plist;
				LD_RUNPATH_SEARCH_PATHS = (
					"$(inherited)",
					"@executable_path/Frameworks",
				);
				PRODUCT_BUNDLE_IDENTIFIER = com.jackknight.JournalCloudKit;
				PRODUCT_NAME = "$(TARGET_NAME)";
				SWIFT_VERSION = 4.2;
				TARGETED_DEVICE_FAMILY = "1,2";
			};
			name = Release;
		};
/* End XCBuildConfiguration section */

/* Begin XCConfigurationList section */
		E921213D22248C9400D6131F /* Build configuration list for PBXProject "JournalCloudKit" */ = {
			isa = XCConfigurationList;
			buildConfigurations = (
				E921215222248C9700D6131F /* Debug */,
				E921215322248C9700D6131F /* Release */,
			);
			defaultConfigurationIsVisible = 0;
			defaultConfigurationName = Release;
		};
		E921215422248C9700D6131F /* Build configuration list for PBXNativeTarget "JournalCloudKit" */ = {
			isa = XCConfigurationList;
			buildConfigurations = (
				E921215522248C9700D6131F /* Debug */,
				E921215622248C9700D6131F /* Release */,
			);
			defaultConfigurationIsVisible = 0;
			defaultConfigurationName = Release;
		};
/* End XCConfigurationList section */
	};
	rootObject = E921213A22248C9400D6131F /* Project object */;
}
